
Microsoft Visual Studio Solution File, Format Version 12.00
Project("{2150E333-8FDC-42A3-9474-1A3956D46DE8}") = "Source", "Source", "{DCD127A6-70C9-4762-9177-65D17BA966C0}"
EndProject
Project("{2150E333-8FDC-42A3-9474-1A3956D46DE8}") = "Core", "Core", "{748910FB-22BC-4EDF-AC7A-53283774AFDA}"
EndProject
Project("{FAE04EC0-301F-11D3-BF4B-00C04F79EFBC}") = "Example.Domain", "Example.Domain\Example.Domain.csproj", "{4D3834B3-4161-4414-85F5-A24761FA6872}"
EndProject
Project("{FAE04EC0-301F-11D3-BF4B-00C04F79EFBC}") = "Example.Application.ComparisonApp", "Example.Application.ComparisonApp\Example.Application.ComparisonApp.csproj", "{E90A312B-20E0-40EF-A514-E56F1D51EF8A}"
EndProject
Project("{2150E333-8FDC-42A3-9474-1A3956D46DE8}") = "Infrastructure", "Infrastructure", "{31A8493C-1583-4A67-B489-EEAB64FF44DE}"
EndProject
Project("{FAE04EC0-301F-11D3-BF4B-00C04F79EFBC}") = "Example.Persistence", "Example.Persistence\Example.Persistence.csproj", "{25C27A63-9132-49E3-BC3E-BF4B4C78BE68}"
EndProject
Project("{2150E333-8FDC-42A3-9474-1A3956D46DE8}") = "Presentation", "Presentation", "{D21E0C3A-043A-4F5C-9D44-DB78F18092D0}"
EndProject
Project("{FAE04EC0-301F-11D3-BF4B-00C04F79EFBC}") = "Example.Application.API", "Example.Application.API\Example.Application.API.csproj", "{349D11F3-94E3-496C-9F01-6E50B5B1ACAF}"
EndProject
Global
	GlobalSection(SolutionConfigurationPlatforms) = preSolution
		Debug|Any CPU = Debug|Any CPU
		Release|Any CPU = Release|Any CPU
	EndGlobalSection
	GlobalSection(NestedProjects) = preSolution
		{748910FB-22BC-4EDF-AC7A-53283774AFDA} = {DCD127A6-70C9-4762-9177-65D17BA966C0}
		{4D3834B3-4161-4414-85F5-A24761FA6872} = {748910FB-22BC-4EDF-AC7A-53283774AFDA}
		{E90A312B-20E0-40EF-A514-E56F1D51EF8A} = {748910FB-22BC-4EDF-AC7A-53283774AFDA}
		{31A8493C-1583-4A67-B489-EEAB64FF44DE} = {DCD127A6-70C9-4762-9177-65D17BA966C0}
		{25C27A63-9132-49E3-BC3E-BF4B4C78BE68} = {31A8493C-1583-4A67-B489-EEAB64FF44DE}
		{D21E0C3A-043A-4F5C-9D44-DB78F18092D0} = {DCD127A6-70C9-4762-9177-65D17BA966C0}
		{349D11F3-94E3-496C-9F01-6E50B5B1ACAF} = {D21E0C3A-043A-4F5C-9D44-DB78F18092D0}
	EndGlobalSection
	GlobalSection(ProjectConfigurationPlatforms) = postSolution
		{4D3834B3-4161-4414-85F5-A24761FA6872}.Debug|Any CPU.ActiveCfg = Debug|Any CPU
		{4D3834B3-4161-4414-85F5-A24761FA6872}.Debug|Any CPU.Build.0 = Debug|Any CPU
		{4D3834B3-4161-4414-85F5-A24761FA6872}.Release|Any CPU.ActiveCfg = Release|Any CPU
		{4D3834B3-4161-4414-85F5-A24761FA6872}.Release|Any CPU.Build.0 = Release|Any CPU
		{E90A312B-20E0-40EF-A514-E56F1D51EF8A}.Debug|Any CPU.ActiveCfg = Debug|Any CPU
		{E90A312B-20E0-40EF-A514-E56F1D51EF8A}.Debug|Any CPU.Build.0 = Debug|Any CPU
		{E90A312B-20E0-40EF-A514-E56F1D51EF8A}.Release|Any CPU.ActiveCfg = Release|Any CPU
		{E90A312B-20E0-40EF-A514-E56F1D51EF8A}.Release|Any CPU.Build.0 = Release|Any CPU
		{25C27A63-9132-49E3-BC3E-BF4B4C78BE68}.Debug|Any CPU.ActiveCfg = Debug|Any CPU
		{25C27A63-9132-49E3-BC3E-BF4B4C78BE68}.Debug|Any CPU.Build.0 = Debug|Any CPU
		{25C27A63-9132-49E3-BC3E-BF4B4C78BE68}.Release|Any CPU.ActiveCfg = Release|Any CPU
		{25C27A63-9132-49E3-BC3E-BF4B4C78BE68}.Release|Any CPU.Build.0 = Release|Any CPU
		{349D11F3-94E3-496C-9F01-6E50B5B1ACAF}.Debug|Any CPU.ActiveCfg = Debug|Any CPU
		{349D11F3-94E3-496C-9F01-6E50B5B1ACAF}.Debug|Any CPU.Build.0 = Debug|Any CPU
		{349D11F3-94E3-496C-9F01-6E50B5B1ACAF}.Release|Any CPU.ActiveCfg = Release|Any CPU
		{349D11F3-94E3-496C-9F01-6E50B5B1ACAF}.Release|Any CPU.Build.0 = Release|Any CPU
	EndGlobalSection
EndGlobal
